
Microsoft Visual Studio Solution File, Format Version 12.00
# Visual Studio Version 16
VisualStudioVersion = 16.0.31729.503
MinimumVisualStudioVersion = 10.0.40219.1
Project("{FAE04EC0-301F-11D3-BF4B-00C04F79EFBC}") = "WebApplication1", "WebApplication1\WebApplication1.csproj", "{97CDC442-5DBA-4E17-BC06-B7C32CB11E3E}"
EndProject
Global
	GlobalSection(SolutionConfigurationPlatforms) = preSolution
		Debug|Any CPU = Debug|Any CPU
		Release|Any CPU = Release|Any CPU
	EndGlobalSection
	GlobalSection(ProjectConfigurationPlatforms) = postSolution
		{97CDC442-5DBA-4E17-BC06-B7C32CB11E3E}.Debug|Any CPU.ActiveCfg = Debug|Any CPU
		{97CDC442-5DBA-4E17-BC06-B7C32CB11E3E}.Debug|Any CPU.Build.0 = Debug|Any CPU
		{97CDC442-5DBA-4E17-BC06-B7C32CB11E3E}.Release|Any CPU.ActiveCfg = Release|Any CPU
		{97CDC442-5DBA-4E17-BC06-B7C32CB11E3E}.Release|Any CPU.Build.0 = Release|Any CPU
	EndGlobalSection
	GlobalSection(SolutionProperties) = preSolution
		HideSolutionNode = FALSE
	EndGlobalSection
	GlobalSection(ExtensibilityGlobals) = postSolution
		SolutionGuid = {A689051E-BA77-4987-9416-8B2A81C62D04}
	EndGlobalSection
EndGlobal
